{
  "name": "flow",
  "version": "1.0.0",
  "lockfileVersion": 1,
  "requires": true,
  "dependencies": {
    "flow-bin": {
      "version": "0.118.0",
      "resolved": "https://registry.npmjs.org/flow-bin/-/flow-bin-0.118.0.tgz",
      "integrity": "sha512-jlbUu0XkbpXeXhan5xyTqVK1jmEKNxE8hpzznI3TThHTr76GiFwK0iRzhDo4KNy+S9h/KxHaqVhTP86vA6wHCg==",
      "dev": true
    },
    "flow-parser": {
      "version": "0.118.0",
      "resolved": "https://registry.npmjs.org/flow-parser/-/flow-parser-0.118.0.tgz",
      "integrity": "sha512-PM3aKA5K3e5kK2hJPsSVdQD4/SVZUQni9qfB0+JHBCjqoAS5mSe3SlhLR9TlH3WDQccL0H2b6zpP8LjOzx9Wtg==",
      "dev": true
    },
    "flow-remove-types": {
      "version": "2.118.0",
      "resolved": "https://registry.npmjs.org/flow-remove-types/-/flow-remove-types-2.118.0.tgz",
      "integrity": "sha512-HrrN9WFCB0Ausk5EvCqQC3RQqgjOsDny+ByxBRYXBqgJrt1Ropxj4JTXBeHcPoeBuN/l8l2Uh0ve7L9NwWXslg==",
      "dev": true,
      "requires": {
        "flow-parser": "^0.118.0",
        "pirates": "^3.0.2",
        "vlq": "^0.2.1"
      }
    },
    "node-modules-regexp": {
      "version": "1.0.0",
      "resolved": "https://registry.npmjs.org/node-modules-regexp/-/node-modules-regexp-1.0.0.tgz",
      "integrity": "sha1-jZ2+KJZKSsVxLpExZCEHxx6Q7EA=",
      "dev": true
    },
    "pirates": {
      "version": "3.0.2",
      "resolved": "https://registry.npmjs.org/pirates/-/pirates-3.0.2.tgz",
      "integrity": "sha512-c5CgUJq6H2k6MJz72Ak1F5sN9n9wlSlJyEnwvpm9/y3WB4E3pHBDT2c6PEiS1vyJvq2bUxUAIu0EGf8Cx4Ic7Q==",
      "dev": true,
      "requires": {
        "node-modules-regexp": "^1.0.0"
      }
    },
    "vlq": {
      "version": "0.2.3",
      "resolved": "https://registry.npmjs.org/vlq/-/vlq-0.2.3.tgz",
      "integrity": "sha512-DRibZL6DsNhIgYQ+wNdWDL2SL3bKPlVrRiBqV5yuMm++op8W4kGFtaQfCs4KEJn0wBZcHVHJ3eoywX8983k1ow==",
      "dev": true
    }
  }
}
